
Microsoft Visual Studio Solution File, Format Version 12.00
# Visual Studio Version 17
VisualStudioVersion = 17.3.32901.215
MinimumVisualStudioVersion = 10.0.40219.1
Project("{9A19103F-16F7-4668-BE54-9A1E7A4F7556}") = ".net programming", "AcademicRepository\.net programming.csproj", "{774964D2-D182-4436-A727-B9B7C56992E8}"
EndProject
Global
	GlobalSection(SolutionConfigurationPlatforms) = preSolution
		Debug|Any CPU = Debug|Any CPU
		Release|Any CPU = Release|Any CPU
	EndGlobalSection
	GlobalSection(ProjectConfigurationPlatforms) = postSolution
		{774964D2-D182-4436-A727-B9B7C56992E8}.Debug|Any CPU.ActiveCfg = Debug|Any CPU
		{774964D2-D182-4436-A727-B9B7C56992E8}.Debug|Any CPU.Build.0 = Debug|Any CPU
		{774964D2-D182-4436-A727-B9B7C56992E8}.Release|Any CPU.ActiveCfg = Release|Any CPU
		{774964D2-D182-4436-A727-B9B7C56992E8}.Release|Any CPU.Build.0 = Release|Any CPU
	EndGlobalSection
	GlobalSection(SolutionProperties) = preSolution
		HideSolutionNode = FALSE
	EndGlobalSection
	GlobalSection(ExtensibilityGlobals) = postSolution
		SolutionGuid = {6A56B838-156D-4F7E-8BE0-B6989E4DBF00}
	EndGlobalSection
EndGlobal
